
Microsoft Visual Studio Solution File, Format Version 12.00
# Visual Studio Version 17
VisualStudioVersion = 17.5.002.0
MinimumVisualStudioVersion = 10.0.40219.1
Project("{9A19103F-16F7-4668-BE54-9A1E7A4F7556}") = "GooBit", "GooBit.csproj", "{B22563B8-7398-45CE-9660-2395D83CFABE}"
EndProject
Global
	GlobalSection(SolutionConfigurationPlatforms) = preSolution
		Debug|Any CPU = Debug|Any CPU
		Release|Any CPU = Release|Any CPU
	EndGlobalSection
	GlobalSection(ProjectConfigurationPlatforms) = postSolution
		{B22563B8-7398-45CE-9660-2395D83CFABE}.Debug|Any CPU.ActiveCfg = Debug|Any CPU
		{B22563B8-7398-45CE-9660-2395D83CFABE}.Debug|Any CPU.Build.0 = Debug|Any CPU
		{B22563B8-7398-45CE-9660-2395D83CFABE}.Release|Any CPU.ActiveCfg = Release|Any CPU
		{B22563B8-7398-45CE-9660-2395D83CFABE}.Release|Any CPU.Build.0 = Release|Any CPU
	EndGlobalSection
	GlobalSection(SolutionProperties) = preSolution
		HideSolutionNode = FALSE
	EndGlobalSection
	GlobalSection(ExtensibilityGlobals) = postSolution
		SolutionGuid = {43812086-C5F9-4E47-A296-2CC2B4B69D6A}
	EndGlobalSection
EndGlobal
